// !$*UTF8*$!
{
	archiveVersion = 1;
	classes = {
	};
	objectVersion = 56;
	objects = {

/* Begin PBXBuildFile section */
		4411F1AA2C1B003200878AFE /* AppDelegate.swift in Sources */ = {isa = PBXBuildFile; fileRef = 4411F1A92C1B003200878AFE /* AppDelegate.swift */; };
		4411F1AC2C1B003200878AFE /* SceneDelegate.swift in Sources */ = {isa = PBXBuildFile; fileRef = 4411F1AB2C1B003200878AFE /* SceneDelegate.swift */; };
		4411F1AE2C1B003200878AFE /* ProfileSettingViewController.swift in Sources */ = {isa = PBXBuildFile; fileRef = 4411F1AD2C1B003200878AFE /* ProfileSettingViewController.swift */; };
		4411F1B32C1B003300878AFE /* Assets.xcassets in Resources */ = {isa = PBXBuildFile; fileRef = 4411F1B22C1B003300878AFE /* Assets.xcassets */; };
		4411F1B62C1B003300878AFE /* Base in Resources */ = {isa = PBXBuildFile; fileRef = 4411F1B52C1B003300878AFE /* Base */; };
		4411F1BE2C1B00CF00878AFE /* .gitignore in Resources */ = {isa = PBXBuildFile; fileRef = 4411F1BD2C1B00CF00878AFE /* .gitignore */; };
		4411F1C42C1B028A00878AFE /* Alamofire in Frameworks */ = {isa = PBXBuildFile; productRef = 4411F1C32C1B028A00878AFE /* Alamofire */; };
		4411F1C72C1B029B00878AFE /* Kingfisher in Frameworks */ = {isa = PBXBuildFile; productRef = 4411F1C62C1B029B00878AFE /* Kingfisher */; };
		4411F1CA2C1B02AC00878AFE /* SnapKit in Frameworks */ = {isa = PBXBuildFile; productRef = 4411F1C92C1B02AC00878AFE /* SnapKit */; };
		443A3D962C1B1CEF00C426FD /* OnboardingViewController.swift in Sources */ = {isa = PBXBuildFile; fileRef = 443A3D952C1B1CEF00C426FD /* OnboardingViewController.swift */; };
		443A3D9D2C1B225600C426FD /* AlfaSlabOne-Regular.ttf in Resources */ = {isa = PBXBuildFile; fileRef = 443A3D9A2C1B219400C426FD /* AlfaSlabOne-Regular.ttf */; };
		443A3D9F2C1B3C7D00C426FD /* Constant.swift in Sources */ = {isa = PBXBuildFile; fileRef = 443A3D9E2C1B3C7D00C426FD /* Constant.swift */; };
		443A3DA62C1BE07C00C426FD /* MainViewController.swift in Sources */ = {isa = PBXBuildFile; fileRef = 443A3DA52C1BE07C00C426FD /* MainViewController.swift */; };
		443A3DA92C1BE1B600C426FD /* ProfileImageSettingViewController.swift in Sources */ = {isa = PBXBuildFile; fileRef = 443A3DA82C1BE1B600C426FD /* ProfileImageSettingViewController.swift */; };
		443A3DAC2C1BE41D00C426FD /* ProfileCircleWithCamera.swift in Sources */ = {isa = PBXBuildFile; fileRef = 443A3DAB2C1BE41D00C426FD /* ProfileCircleWithCamera.swift */; };
		443A3DAE2C1BF07E00C426FD /* ProfileCircle.swift in Sources */ = {isa = PBXBuildFile; fileRef = 443A3DAD2C1BF07E00C426FD /* ProfileCircle.swift */; };
		443A3DB02C1C044900C426FD /* ProfileImageCollectionViewCell.swift in Sources */ = {isa = PBXBuildFile; fileRef = 443A3DAF2C1C044900C426FD /* ProfileImageCollectionViewCell.swift */; };
		443A3DB22C1C06AE00C426FD /* Reuseable.swift in Sources */ = {isa = PBXBuildFile; fileRef = 443A3DB12C1C06AE00C426FD /* Reuseable.swift */; };
		443A3DB42C1C108600C426FD /* MainTabBarController.swift in Sources */ = {isa = PBXBuildFile; fileRef = 443A3DB32C1C108600C426FD /* MainTabBarController.swift */; };
		443A3DB62C1C159E00C426FD /* UserDefaultsManager.swift in Sources */ = {isa = PBXBuildFile; fileRef = 443A3DB52C1C159E00C426FD /* UserDefaultsManager.swift */; };
		443A3DB82C1C1F1300C426FD /* Date+Extension.swift in Sources */ = {isa = PBXBuildFile; fileRef = 443A3DB72C1C1F1300C426FD /* Date+Extension.swift */; };
		443A3DBB2C1C36C300C426FD /* RecentSearchTableViewCell.swift in Sources */ = {isa = PBXBuildFile; fileRef = 443A3DBA2C1C36C300C426FD /* RecentSearchTableViewCell.swift */; };
		443A3DBD2C1D587B00C426FD /* Protocols.swift in Sources */ = {isa = PBXBuildFile; fileRef = 443A3DBC2C1D587B00C426FD /* Protocols.swift */; };
		443A3DBF2C1D5CB500C426FD /* SearchResultViewController.swift in Sources */ = {isa = PBXBuildFile; fileRef = 443A3DBE2C1D5CB500C426FD /* SearchResultViewController.swift */; };
		443A3DC12C1D5E5100C426FD /* CapsuleButton.swift in Sources */ = {isa = PBXBuildFile; fileRef = 443A3DC02C1D5E5100C426FD /* CapsuleButton.swift */; };
		443A3DC32C1D70A700C426FD /* SearchResultCollectionViewCell.swift in Sources */ = {isa = PBXBuildFile; fileRef = 443A3DC22C1D70A700C426FD /* SearchResultCollectionViewCell.swift */; };
		443A3DC52C1D847300C426FD /* Shopping.swift in Sources */ = {isa = PBXBuildFile; fileRef = 443A3DC42C1D847300C426FD /* Shopping.swift */; };
		443A3DC72C1D8AAF00C426FD /* APIKey.swift in Sources */ = {isa = PBXBuildFile; fileRef = 443A3DC62C1D8AAF00C426FD /* APIKey.swift */; };
		443A3DC92C1DE18700C426FD /* ProductDetailViewController.swift in Sources */ = {isa = PBXBuildFile; fileRef = 443A3DC82C1DE18700C426FD /* ProductDetailViewController.swift */; };
		443A3DCC2C1DF05B00C426FD /* SettingViewController.swift in Sources */ = {isa = PBXBuildFile; fileRef = 443A3DCB2C1DF05B00C426FD /* SettingViewController.swift */; };
		443A3DCE2C1DF46400C426FD /* SettingOptionTableViewCell.swift in Sources */ = {isa = PBXBuildFile; fileRef = 443A3DCD2C1DF46400C426FD /* SettingOptionTableViewCell.swift */; };
		443A3DD02C1DFF7C00C426FD /* SettingProfileTableViewCell.swift in Sources */ = {isa = PBXBuildFile; fileRef = 443A3DCF2C1DFF7C00C426FD /* SettingProfileTableViewCell.swift */; };
/* End PBXBuildFile section */

/* Begin PBXFileReference section */
		4411F1A62C1B003200878AFE /* MeaningOut.app */ = {isa = PBXFileReference; explicitFileType = wrapper.application; includeInIndex = 0; path = MeaningOut.app; sourceTree = BUILT_PRODUCTS_DIR; };
		4411F1A92C1B003200878AFE /* AppDelegate.swift */ = {isa = PBXFileReference; lastKnownFileType = sourcecode.swift; path = AppDelegate.swift; sourceTree = "<group>"; };
		4411F1AB2C1B003200878AFE /* SceneDelegate.swift */ = {isa = PBXFileReference; lastKnownFileType = sourcecode.swift; path = SceneDelegate.swift; sourceTree = "<group>"; };
		4411F1AD2C1B003200878AFE /* ProfileSettingViewController.swift */ = {isa = PBXFileReference; lastKnownFileType = sourcecode.swift; path = ProfileSettingViewController.swift; sourceTree = "<group>"; };
		4411F1B22C1B003300878AFE /* Assets.xcassets */ = {isa = PBXFileReference; lastKnownFileType = folder.assetcatalog; path = Assets.xcassets; sourceTree = "<group>"; };
		4411F1B52C1B003300878AFE /* Base */ = {isa = PBXFileReference; lastKnownFileType = file.storyboard; name = Base; path = Base.lproj/LaunchScreen.storyboard; sourceTree = "<group>"; };
		4411F1B72C1B003300878AFE /* Info.plist */ = {isa = PBXFileReference; lastKnownFileType = text.plist.xml; path = Info.plist; sourceTree = "<group>"; };
		4411F1BD2C1B00CF00878AFE /* .gitignore */ = {isa = PBXFileReference; lastKnownFileType = text; path = .gitignore; sourceTree = "<group>"; };
		443A3D952C1B1CEF00C426FD /* OnboardingViewController.swift */ = {isa = PBXFileReference; lastKnownFileType = sourcecode.swift; path = OnboardingViewController.swift; sourceTree = "<group>"; };
		443A3D9A2C1B219400C426FD /* AlfaSlabOne-Regular.ttf */ = {isa = PBXFileReference; lastKnownFileType = file; path = "AlfaSlabOne-Regular.ttf"; sourceTree = "<group>"; };
		443A3D9E2C1B3C7D00C426FD /* Constant.swift */ = {isa = PBXFileReference; lastKnownFileType = sourcecode.swift; path = Constant.swift; sourceTree = "<group>"; };
		443A3DA52C1BE07C00C426FD /* MainViewController.swift */ = {isa = PBXFileReference; lastKnownFileType = sourcecode.swift; path = MainViewController.swift; sourceTree = "<group>"; };
		443A3DA82C1BE1B600C426FD /* ProfileImageSettingViewController.swift */ = {isa = PBXFileReference; lastKnownFileType = sourcecode.swift; path = ProfileImageSettingViewController.swift; sourceTree = "<group>"; };
		443A3DAB2C1BE41D00C426FD /* ProfileCircleWithCamera.swift */ = {isa = PBXFileReference; lastKnownFileType = sourcecode.swift; path = ProfileCircleWithCamera.swift; sourceTree = "<group>"; };
		443A3DAD2C1BF07E00C426FD /* ProfileCircle.swift */ = {isa = PBXFileReference; lastKnownFileType = sourcecode.swift; path = ProfileCircle.swift; sourceTree = "<group>"; };
		443A3DAF2C1C044900C426FD /* ProfileImageCollectionViewCell.swift */ = {isa = PBXFileReference; lastKnownFileType = sourcecode.swift; path = ProfileImageCollectionViewCell.swift; sourceTree = "<group>"; };
		443A3DB12C1C06AE00C426FD /* Reuseable.swift */ = {isa = PBXFileReference; lastKnownFileType = sourcecode.swift; path = Reuseable.swift; sourceTree = "<group>"; };
		443A3DB32C1C108600C426FD /* MainTabBarController.swift */ = {isa = PBXFileReference; lastKnownFileType = sourcecode.swift; path = MainTabBarController.swift; sourceTree = "<group>"; };
		443A3DB52C1C159E00C426FD /* UserDefaultsManager.swift */ = {isa = PBXFileReference; lastKnownFileType = sourcecode.swift; path = UserDefaultsManager.swift; sourceTree = "<group>"; };
		443A3DB72C1C1F1300C426FD /* Date+Extension.swift */ = {isa = PBXFileReference; lastKnownFileType = sourcecode.swift; path = "Date+Extension.swift"; sourceTree = "<group>"; };
		443A3DBA2C1C36C300C426FD /* RecentSearchTableViewCell.swift */ = {isa = PBXFileReference; lastKnownFileType = sourcecode.swift; path = RecentSearchTableViewCell.swift; sourceTree = "<group>"; };
		443A3DBC2C1D587B00C426FD /* Protocols.swift */ = {isa = PBXFileReference; lastKnownFileType = sourcecode.swift; path = Protocols.swift; sourceTree = "<group>"; };
		443A3DBE2C1D5CB500C426FD /* SearchResultViewController.swift */ = {isa = PBXFileReference; lastKnownFileType = sourcecode.swift; path = SearchResultViewController.swift; sourceTree = "<group>"; };
		443A3DC02C1D5E5100C426FD /* CapsuleButton.swift */ = {isa = PBXFileReference; lastKnownFileType = sourcecode.swift; path = CapsuleButton.swift; sourceTree = "<group>"; };
		443A3DC22C1D70A700C426FD /* SearchResultCollectionViewCell.swift */ = {isa = PBXFileReference; lastKnownFileType = sourcecode.swift; path = SearchResultCollectionViewCell.swift; sourceTree = "<group>"; };
		443A3DC42C1D847300C426FD /* Shopping.swift */ = {isa = PBXFileReference; lastKnownFileType = sourcecode.swift; path = Shopping.swift; sourceTree = "<group>"; };
		443A3DC62C1D8AAF00C426FD /* APIKey.swift */ = {isa = PBXFileReference; lastKnownFileType = sourcecode.swift; path = APIKey.swift; sourceTree = "<group>"; };
		443A3DC82C1DE18700C426FD /* ProductDetailViewController.swift */ = {isa = PBXFileReference; lastKnownFileType = sourcecode.swift; path = ProductDetailViewController.swift; sourceTree = "<group>"; };
		443A3DCB2C1DF05B00C426FD /* SettingViewController.swift */ = {isa = PBXFileReference; lastKnownFileType = sourcecode.swift; path = SettingViewController.swift; sourceTree = "<group>"; };
		443A3DCD2C1DF46400C426FD /* SettingOptionTableViewCell.swift */ = {isa = PBXFileReference; lastKnownFileType = sourcecode.swift; path = SettingOptionTableViewCell.swift; sourceTree = "<group>"; };
		443A3DCF2C1DFF7C00C426FD /* SettingProfileTableViewCell.swift */ = {isa = PBXFileReference; lastKnownFileType = sourcecode.swift; path = SettingProfileTableViewCell.swift; sourceTree = "<group>"; };
/* End PBXFileReference section */

/* Begin PBXFrameworksBuildPhase section */
		4411F1A32C1B003200878AFE /* Frameworks */ = {
			isa = PBXFrameworksBuildPhase;
			buildActionMask = 2147483647;
			files = (
				4411F1CA2C1B02AC00878AFE /* SnapKit in Frameworks */,
				4411F1C72C1B029B00878AFE /* Kingfisher in Frameworks */,
				4411F1C42C1B028A00878AFE /* Alamofire in Frameworks */,
			);
			runOnlyForDeploymentPostprocessing = 0;
		};
/* End PBXFrameworksBuildPhase section */

/* Begin PBXGroup section */
		4411F19D2C1B003200878AFE = {
			isa = PBXGroup;
			children = (
				4411F1BD2C1B00CF00878AFE /* .gitignore */,
				4411F1A82C1B003200878AFE /* MeaningOut */,
				4411F1A72C1B003200878AFE /* Products */,
			);
			sourceTree = "<group>";
		};
		4411F1A72C1B003200878AFE /* Products */ = {
			isa = PBXGroup;
			children = (
				4411F1A62C1B003200878AFE /* MeaningOut.app */,
			);
			name = Products;
			sourceTree = "<group>";
		};
		4411F1A82C1B003200878AFE /* MeaningOut */ = {
			isa = PBXGroup;
			children = (
				4411F1BF2C1B016500878AFE /* Application */,
				4411F1C12C1B018200878AFE /* Utils */,
				4411F1C02C1B017400878AFE /* Model */,
				443A3D942C1B1CE100C426FD /* Onboarding */,
				443A3DA72C1BE08000C426FD /* Main */,
				443A3DCA2C1DF04700C426FD /* Setting */,
				443A3DB32C1C108600C426FD /* MainTabBarController.swift */,
				4411F1B22C1B003300878AFE /* Assets.xcassets */,
				4411F1B42C1B003300878AFE /* LaunchScreen.storyboard */,
				4411F1B72C1B003300878AFE /* Info.plist */,
				443A3D9A2C1B219400C426FD /* AlfaSlabOne-Regular.ttf */,
			);
			path = MeaningOut;
			sourceTree = "<group>";
		};
		4411F1BF2C1B016500878AFE /* Application */ = {
			isa = PBXGroup;
			children = (
				4411F1A92C1B003200878AFE /* AppDelegate.swift */,
				4411F1AB2C1B003200878AFE /* SceneDelegate.swift */,
			);
			path = Application;
			sourceTree = "<group>";
		};
		4411F1C02C1B017400878AFE /* Model */ = {
			isa = PBXGroup;
			children = (
				443A3DC42C1D847300C426FD /* Shopping.swift */,
			);
			path = Model;
			sourceTree = "<group>";
		};
		4411F1C12C1B018200878AFE /* Utils */ = {
			isa = PBXGroup;
			children = (
				443A3D9E2C1B3C7D00C426FD /* Constant.swift */,
				443A3DB12C1C06AE00C426FD /* Reuseable.swift */,
				443A3DB52C1C159E00C426FD /* UserDefaultsManager.swift */,
				443A3DBC2C1D587B00C426FD /* Protocols.swift */,
				443A3DAA2C1BE3D000C426FD /* CustomView */,
				443A3DB92C1C20CC00C426FD /* Extension */,
				443A3DC62C1D8AAF00C426FD /* APIKey.swift */,
			);
			path = Utils;
			sourceTree = "<group>";
		};
		443A3D942C1B1CE100C426FD /* Onboarding */ = {
			isa = PBXGroup;
			children = (
				443A3D952C1B1CEF00C426FD /* OnboardingViewController.swift */,
				4411F1AD2C1B003200878AFE /* ProfileSettingViewController.swift */,
				443A3DA82C1BE1B600C426FD /* ProfileImageSettingViewController.swift */,
				443A3DAF2C1C044900C426FD /* ProfileImageCollectionViewCell.swift */,
			);
			path = Onboarding;
			sourceTree = "<group>";
		};
		443A3DA72C1BE08000C426FD /* Main */ = {
			isa = PBXGroup;
			children = (
				443A3DA52C1BE07C00C426FD /* MainViewController.swift */,
				443A3DBA2C1C36C300C426FD /* RecentSearchTableViewCell.swift */,
				443A3DBE2C1D5CB500C426FD /* SearchResultViewController.swift */,
				443A3DC22C1D70A700C426FD /* SearchResultCollectionViewCell.swift */,
				443A3DC82C1DE18700C426FD /* ProductDetailViewController.swift */,
			);
			path = Main;
			sourceTree = "<group>";
		};
		443A3DAA2C1BE3D000C426FD /* CustomView */ = {
			isa = PBXGroup;
			children = (
				443A3DAB2C1BE41D00C426FD /* ProfileCircleWithCamera.swift */,
				443A3DAD2C1BF07E00C426FD /* ProfileCircle.swift */,
				443A3DC02C1D5E5100C426FD /* CapsuleButton.swift */,
			);
			path = CustomView;
			sourceTree = "<group>";
		};
		443A3DB92C1C20CC00C426FD /* Extension */ = {
			isa = PBXGroup;
			children = (
				443A3DB72C1C1F1300C426FD /* Date+Extension.swift */,
			);
			path = Extension;
			sourceTree = "<group>";
		};
		443A3DCA2C1DF04700C426FD /* Setting */ = {
			isa = PBXGroup;
			children = (
				443A3DCB2C1DF05B00C426FD /* SettingViewController.swift */,
				443A3DCF2C1DFF7C00C426FD /* SettingProfileTableViewCell.swift */,
				443A3DCD2C1DF46400C426FD /* SettingOptionTableViewCell.swift */,
			);
			path = Setting;
			sourceTree = "<group>";
		};
/* End PBXGroup section */

/* Begin PBXNativeTarget section */
		4411F1A52C1B003200878AFE /* MeaningOut */ = {
			isa = PBXNativeTarget;
			buildConfigurationList = 4411F1BA2C1B003300878AFE /* Build configuration list for PBXNativeTarget "MeaningOut" */;
			buildPhases = (
				4411F1A22C1B003200878AFE /* Sources */,
				4411F1A32C1B003200878AFE /* Frameworks */,
				4411F1A42C1B003200878AFE /* Resources */,
			);
			buildRules = (
			);
			dependencies = (
			);
			name = MeaningOut;
			packageProductDependencies = (
				4411F1C32C1B028A00878AFE /* Alamofire */,
				4411F1C62C1B029B00878AFE /* Kingfisher */,
				4411F1C92C1B02AC00878AFE /* SnapKit */,
			);
			productName = MeaningOut;
			productReference = 4411F1A62C1B003200878AFE /* MeaningOut.app */;
			productType = "com.apple.product-type.application";
		};
/* End PBXNativeTarget section */

/* Begin PBXProject section */
		4411F19E2C1B003200878AFE /* Project object */ = {
			isa = PBXProject;
			attributes = {
				BuildIndependentTargetsInParallel = 1;
				LastSwiftUpdateCheck = 1530;
				LastUpgradeCheck = 1530;
				TargetAttributes = {
					4411F1A52C1B003200878AFE = {
						CreatedOnToolsVersion = 15.3;
					};
				};
			};
			buildConfigurationList = 4411F1A12C1B003200878AFE /* Build configuration list for PBXProject "MeaningOut" */;
			compatibilityVersion = "Xcode 14.0";
			developmentRegion = en;
			hasScannedForEncodings = 0;
			knownRegions = (
				en,
				Base,
			);
			mainGroup = 4411F19D2C1B003200878AFE;
			packageReferences = (
				4411F1C22C1B028A00878AFE /* XCRemoteSwiftPackageReference "Alamofire" */,
				4411F1C52C1B029B00878AFE /* XCRemoteSwiftPackageReference "Kingfisher" */,
				4411F1C82C1B02AC00878AFE /* XCRemoteSwiftPackageReference "SnapKit" */,
			);
			productRefGroup = 4411F1A72C1B003200878AFE /* Products */;
			projectDirPath = "";
			projectRoot = "";
			targets = (
				4411F1A52C1B003200878AFE /* MeaningOut */,
			);
		};
/* End PBXProject section */

/* Begin PBXResourcesBuildPhase section */
		4411F1A42C1B003200878AFE /* Resources */ = {
			isa = PBXResourcesBuildPhase;
			buildActionMask = 2147483647;
			files = (
				443A3D9D2C1B225600C426FD /* AlfaSlabOne-Regular.ttf in Resources */,
				4411F1B32C1B003300878AFE /* Assets.xcassets in Resources */,
				4411F1BE2C1B00CF00878AFE /* .gitignore in Resources */,
				4411F1B62C1B003300878AFE /* Base in Resources */,
			);
			runOnlyForDeploymentPostprocessing = 0;
		};
/* End PBXResourcesBuildPhase section */

/* Begin PBXSourcesBuildPhase section */
		4411F1A22C1B003200878AFE /* Sources */ = {
			isa = PBXSourcesBuildPhase;
			buildActionMask = 2147483647;
			files = (
				443A3DD02C1DFF7C00C426FD /* SettingProfileTableViewCell.swift in Sources */,
				443A3DAC2C1BE41D00C426FD /* ProfileCircleWithCamera.swift in Sources */,
				443A3DC72C1D8AAF00C426FD /* APIKey.swift in Sources */,
				443A3DC32C1D70A700C426FD /* SearchResultCollectionViewCell.swift in Sources */,
				443A3DC12C1D5E5100C426FD /* CapsuleButton.swift in Sources */,
				4411F1AE2C1B003200878AFE /* ProfileSettingViewController.swift in Sources */,
				443A3DB02C1C044900C426FD /* ProfileImageCollectionViewCell.swift in Sources */,
				443A3DCE2C1DF46400C426FD /* SettingOptionTableViewCell.swift in Sources */,
				443A3DB62C1C159E00C426FD /* UserDefaultsManager.swift in Sources */,
				443A3DC92C1DE18700C426FD /* ProductDetailViewController.swift in Sources */,
				443A3DA92C1BE1B600C426FD /* ProfileImageSettingViewController.swift in Sources */,
				443A3DAE2C1BF07E00C426FD /* ProfileCircle.swift in Sources */,
				4411F1AA2C1B003200878AFE /* AppDelegate.swift in Sources */,
				443A3DC52C1D847300C426FD /* Shopping.swift in Sources */,
				443A3D9F2C1B3C7D00C426FD /* Constant.swift in Sources */,
				443A3DB22C1C06AE00C426FD /* Reuseable.swift in Sources */,
				443A3DA62C1BE07C00C426FD /* MainViewController.swift in Sources */,
				443A3DB42C1C108600C426FD /* MainTabBarController.swift in Sources */,
				443A3DBB2C1C36C300C426FD /* RecentSearchTableViewCell.swift in Sources */,
				443A3DB82C1C1F1300C426FD /* Date+Extension.swift in Sources */,
				443A3DCC2C1DF05B00C426FD /* SettingViewController.swift in Sources */,
				443A3DBF2C1D5CB500C426FD /* SearchResultViewController.swift in Sources */,
				443A3D962C1B1CEF00C426FD /* OnboardingViewController.swift in Sources */,
				4411F1AC2C1B003200878AFE /* SceneDelegate.swift in Sources */,
				443A3DBD2C1D587B00C426FD /* Protocols.swift in Sources */,
			);
			runOnlyForDeploymentPostprocessing = 0;
		};
/* End PBXSourcesBuildPhase section */

/* Begin PBXVariantGroup section */
		4411F1B42C1B003300878AFE /* LaunchScreen.storyboard */ = {
			isa = PBXVariantGroup;
			children = (
				4411F1B52C1B003300878AFE /* Base */,
			);
			name = LaunchScreen.storyboard;
			sourceTree = "<group>";
		};
/* End PBXVariantGroup section */

/* Begin XCBuildConfiguration section */
		4411F1B82C1B003300878AFE /* Debug */ = {
			isa = XCBuildConfiguration;
			buildSettings = {
				ALWAYS_SEARCH_USER_PATHS = NO;
				ASSETCATALOG_COMPILER_GENERATE_SWIFT_ASSET_SYMBOL_EXTENSIONS = YES;
				CLANG_ANALYZER_NONNULL = YES;
				CLANG_ANALYZER_NUMBER_OBJECT_CONVERSION = YES_AGGRESSIVE;
				CLANG_CXX_LANGUAGE_STANDARD = "gnu++20";
				CLANG_ENABLE_MODULES = YES;
				CLANG_ENABLE_OBJC_ARC = YES;
				CLANG_ENABLE_OBJC_WEAK = YES;
				CLANG_WARN_BLOCK_CAPTURE_AUTORELEASING = YES;
				CLANG_WARN_BOOL_CONVERSION = YES;
				CLANG_WARN_COMMA = YES;
				CLANG_WARN_CONSTANT_CONVERSION = YES;
				CLANG_WARN_DEPRECATED_OBJC_IMPLEMENTATIONS = YES;
				CLANG_WARN_DIRECT_OBJC_ISA_USAGE = YES_ERROR;
				CLANG_WARN_DOCUMENTATION_COMMENTS = YES;
				CLANG_WARN_EMPTY_BODY = YES;
				CLANG_WARN_ENUM_CONVERSION = YES;
				CLANG_WARN_INFINITE_RECURSION = YES;
				CLANG_WARN_INT_CONVERSION = YES;
				CLANG_WARN_NON_LITERAL_NULL_CONVERSION = YES;
				CLANG_WARN_OBJC_IMPLICIT_RETAIN_SELF = YES;
				CLANG_WARN_OBJC_LITERAL_CONVERSION = YES;
				CLANG_WARN_OBJC_ROOT_CLASS = YES_ERROR;
				CLANG_WARN_QUOTED_INCLUDE_IN_FRAMEWORK_HEADER = YES;
				CLANG_WARN_RANGE_LOOP_ANALYSIS = YES;
				CLANG_WARN_STRICT_PROTOTYPES = YES;
				CLANG_WARN_SUSPICIOUS_MOVE = YES;
				CLANG_WARN_UNGUARDED_AVAILABILITY = YES_AGGRESSIVE;
				CLANG_WARN_UNREACHABLE_CODE = YES;
				CLANG_WARN__DUPLICATE_METHOD_MATCH = YES;
				COPY_PHASE_STRIP = NO;
				DEBUG_INFORMATION_FORMAT = dwarf;
				ENABLE_STRICT_OBJC_MSGSEND = YES;
				ENABLE_TESTABILITY = YES;
				ENABLE_USER_SCRIPT_SANDBOXING = YES;
				GCC_C_LANGUAGE_STANDARD = gnu17;
				GCC_DYNAMIC_NO_PIC = NO;
				GCC_NO_COMMON_BLOCKS = YES;
				GCC_OPTIMIZATION_LEVEL = 0;
				GCC_PREPROCESSOR_DEFINITIONS = (
					"DEBUG=1",
					"$(inherited)",
				);
				GCC_WARN_64_TO_32_BIT_CONVERSION = YES;
				GCC_WARN_ABOUT_RETURN_TYPE = YES_ERROR;
				GCC_WARN_UNDECLARED_SELECTOR = YES;
				GCC_WARN_UNINITIALIZED_AUTOS = YES_AGGRESSIVE;
				GCC_WARN_UNUSED_FUNCTION = YES;
				GCC_WARN_UNUSED_VARIABLE = YES;
				IPHONEOS_DEPLOYMENT_TARGET = 17.4;
				LOCALIZATION_PREFERS_STRING_CATALOGS = YES;
				MTL_ENABLE_DEBUG_INFO = INCLUDE_SOURCE;
				MTL_FAST_MATH = YES;
				ONLY_ACTIVE_ARCH = YES;
				SDKROOT = iphoneos;
				SWIFT_ACTIVE_COMPILATION_CONDITIONS = "DEBUG $(inherited)";
				SWIFT_OPTIMIZATION_LEVEL = "-Onone";
			};
			name = Debug;
		};
		4411F1B92C1B003300878AFE /* Release */ = {
			isa = XCBuildConfiguration;
			buildSettings = {
				ALWAYS_SEARCH_USER_PATHS = NO;
				ASSETCATALOG_COMPILER_GENERATE_SWIFT_ASSET_SYMBOL_EXTENSIONS = YES;
				CLANG_ANALYZER_NONNULL = YES;
				CLANG_ANALYZER_NUMBER_OBJECT_CONVERSION = YES_AGGRESSIVE;
				CLANG_CXX_LANGUAGE_STANDARD = "gnu++20";
				CLANG_ENABLE_MODULES = YES;
				CLANG_ENABLE_OBJC_ARC = YES;
				CLANG_ENABLE_OBJC_WEAK = YES;
				CLANG_WARN_BLOCK_CAPTURE_AUTORELEASING = YES;
				CLANG_WARN_BOOL_CONVERSION = YES;
				CLANG_WARN_COMMA = YES;
				CLANG_WARN_CONSTANT_CONVERSION = YES;
				CLANG_WARN_DEPRECATED_OBJC_IMPLEMENTATIONS = YES;
				CLANG_WARN_DIRECT_OBJC_ISA_USAGE = YES_ERROR;
				CLANG_WARN_DOCUMENTATION_COMMENTS = YES;
				CLANG_WARN_EMPTY_BODY = YES;
				CLANG_WARN_ENUM_CONVERSION = YES;
				CLANG_WARN_INFINITE_RECURSION = YES;
				CLANG_WARN_INT_CONVERSION = YES;
				CLANG_WARN_NON_LITERAL_NULL_CONVERSION = YES;
				CLANG_WARN_OBJC_IMPLICIT_RETAIN_SELF = YES;
				CLANG_WARN_OBJC_LITERAL_CONVERSION = YES;
				CLANG_WARN_OBJC_ROOT_CLASS = YES_ERROR;
				CLANG_WARN_QUOTED_INCLUDE_IN_FRAMEWORK_HEADER = YES;
				CLANG_WARN_RANGE_LOOP_ANALYSIS = YES;
				CLANG_WARN_STRICT_PROTOTYPES = YES;
				CLANG_WARN_SUSPICIOUS_MOVE = YES;
				CLANG_WARN_UNGUARDED_AVAILABILITY = YES_AGGRESSIVE;
				CLANG_WARN_UNREACHABLE_CODE = YES;
				CLANG_WARN__DUPLICATE_METHOD_MATCH = YES;
				COPY_PHASE_STRIP = NO;
				DEBUG_INFORMATION_FORMAT = "dwarf-with-dsym";
				ENABLE_NS_ASSERTIONS = NO;
				ENABLE_STRICT_OBJC_MSGSEND = YES;
				ENABLE_USER_SCRIPT_SANDBOXING = YES;
				GCC_C_LANGUAGE_STANDARD = gnu17;
				GCC_NO_COMMON_BLOCKS = YES;
				GCC_WARN_64_TO_32_BIT_CONVERSION = YES;
				GCC_WARN_ABOUT_RETURN_TYPE = YES_ERROR;
				GCC_WARN_UNDECLARED_SELECTOR = YES;
				GCC_WARN_UNINITIALIZED_AUTOS = YES_AGGRESSIVE;
				GCC_WARN_UNUSED_FUNCTION = YES;
				GCC_WARN_UNUSED_VARIABLE = YES;
				IPHONEOS_DEPLOYMENT_TARGET = 17.4;
				LOCALIZATION_PREFERS_STRING_CATALOGS = YES;
				MTL_ENABLE_DEBUG_INFO = NO;
				MTL_FAST_MATH = YES;
				SDKROOT = iphoneos;
				SWIFT_COMPILATION_MODE = wholemodule;
				VALIDATE_PRODUCT = YES;
			};
			name = Release;
		};
		4411F1BB2C1B003300878AFE /* Debug */ = {
			isa = XCBuildConfiguration;
			buildSettings = {
				ASSETCATALOG_COMPILER_APPICON_NAME = AppIcon;
				ASSETCATALOG_COMPILER_GLOBAL_ACCENT_COLOR_NAME = AccentColor;
				CODE_SIGN_STYLE = Automatic;
				CURRENT_PROJECT_VERSION = 1;
				DEVELOPMENT_TEAM = 9M37U587ZT;
				GENERATE_INFOPLIST_FILE = YES;
				INFOPLIST_FILE = MeaningOut/Info.plist;
				INFOPLIST_KEY_CFBundleDisplayName = MeaningOut;
				INFOPLIST_KEY_UIApplicationSupportsIndirectInputEvents = YES;
				INFOPLIST_KEY_UILaunchStoryboardName = LaunchScreen;
				INFOPLIST_KEY_UISupportedInterfaceOrientations = UIInterfaceOrientationPortrait;
				INFOPLIST_KEY_UISupportedInterfaceOrientations_iPad = UIInterfaceOrientationPortrait;
				IPHONEOS_DEPLOYMENT_TARGET = 15.0;
				LD_RUNPATH_SEARCH_PATHS = (
					"$(inherited)",
					"@executable_path/Frameworks",
				);
				MARKETING_VERSION = 1.0;
				PRODUCT_BUNDLE_IDENTIFIER = com.daeyunkwon.MeaningOut;
				PRODUCT_NAME = "$(TARGET_NAME)";
				SUPPORTED_PLATFORMS = "iphoneos iphonesimulator";
				SUPPORTS_MACCATALYST = NO;
				SUPPORTS_MAC_DESIGNED_FOR_IPHONE_IPAD = NO;
				SUPPORTS_XR_DESIGNED_FOR_IPHONE_IPAD = NO;
				SWIFT_EMIT_LOC_STRINGS = YES;
				SWIFT_VERSION = 5.0;
				TARGETED_DEVICE_FAMILY = 1;
			};
			name = Debug;
		};
		4411F1BC2C1B003300878AFE /* Release */ = {
			isa = XCBuildConfiguration;
			buildSettings = {
				ASSETCATALOG_COMPILER_APPICON_NAME = AppIcon;
				ASSETCATALOG_COMPILER_GLOBAL_ACCENT_COLOR_NAME = AccentColor;
				CODE_SIGN_STYLE = Automatic;
				CURRENT_PROJECT_VERSION = 1;
				DEVELOPMENT_TEAM = 9M37U587ZT;
				GENERATE_INFOPLIST_FILE = YES;
				INFOPLIST_FILE = MeaningOut/Info.plist;
				INFOPLIST_KEY_CFBundleDisplayName = MeaningOut;
				INFOPLIST_KEY_UIApplicationSupportsIndirectInputEvents = YES;
				INFOPLIST_KEY_UILaunchStoryboardName = LaunchScreen;
				INFOPLIST_KEY_UISupportedInterfaceOrientations = UIInterfaceOrientationPortrait;
				INFOPLIST_KEY_UISupportedInterfaceOrientations_iPad = UIInterfaceOrientationPortrait;
				IPHONEOS_DEPLOYMENT_TARGET = 15.0;
				LD_RUNPATH_SEARCH_PATHS = (
					"$(inherited)",
					"@executable_path/Frameworks",
				);
				MARKETING_VERSION = 1.0;
				PRODUCT_BUNDLE_IDENTIFIER = com.daeyunkwon.MeaningOut;
				PRODUCT_NAME = "$(TARGET_NAME)";
				SUPPORTED_PLATFORMS = "iphoneos iphonesimulator";
				SUPPORTS_MACCATALYST = NO;
				SUPPORTS_MAC_DESIGNED_FOR_IPHONE_IPAD = NO;
				SUPPORTS_XR_DESIGNED_FOR_IPHONE_IPAD = NO;
				SWIFT_EMIT_LOC_STRINGS = YES;
				SWIFT_VERSION = 5.0;
				TARGETED_DEVICE_FAMILY = 1;
			};
			name = Release;
		};
/* End XCBuildConfiguration section */

/* Begin XCConfigurationList section */
		4411F1A12C1B003200878AFE /* Build configuration list for PBXProject "MeaningOut" */ = {
			isa = XCConfigurationList;
			buildConfigurations = (
				4411F1B82C1B003300878AFE /* Debug */,
				4411F1B92C1B003300878AFE /* Release */,
			);
			defaultConfigurationIsVisible = 0;
			defaultConfigurationName = Release;
		};
		4411F1BA2C1B003300878AFE /* Build configuration list for PBXNativeTarget "MeaningOut" */ = {
			isa = XCConfigurationList;
			buildConfigurations = (
				4411F1BB2C1B003300878AFE /* Debug */,
				4411F1BC2C1B003300878AFE /* Release */,
			);
			defaultConfigurationIsVisible = 0;
			defaultConfigurationName = Release;
		};
/* End XCConfigurationList section */

/* Begin XCRemoteSwiftPackageReference section */
		4411F1C22C1B028A00878AFE /* XCRemoteSwiftPackageReference "Alamofire" */ = {
			isa = XCRemoteSwiftPackageReference;
			repositoryURL = "https://github.com/Alamofire/Alamofire";
			requirement = {
				kind = upToNextMajorVersion;
				minimumVersion = 5.9.1;
			};
		};
		4411F1C52C1B029B00878AFE /* XCRemoteSwiftPackageReference "Kingfisher" */ = {
			isa = XCRemoteSwiftPackageReference;
			repositoryURL = "https://github.com/onevcat/Kingfisher";
			requirement = {
				kind = upToNextMajorVersion;
				minimumVersion = 7.12.0;
			};
		};
		4411F1C82C1B02AC00878AFE /* XCRemoteSwiftPackageReference "SnapKit" */ = {
			isa = XCRemoteSwiftPackageReference;
			repositoryURL = "https://github.com/SnapKit/SnapKit";
			requirement = {
				kind = upToNextMajorVersion;
				minimumVersion = 5.7.1;
			};
		};
/* End XCRemoteSwiftPackageReference section */

/* Begin XCSwiftPackageProductDependency section */
		4411F1C32C1B028A00878AFE /* Alamofire */ = {
			isa = XCSwiftPackageProductDependency;
			package = 4411F1C22C1B028A00878AFE /* XCRemoteSwiftPackageReference "Alamofire" */;
			productName = Alamofire;
		};
		4411F1C62C1B029B00878AFE /* Kingfisher */ = {
			isa = XCSwiftPackageProductDependency;
			package = 4411F1C52C1B029B00878AFE /* XCRemoteSwiftPackageReference "Kingfisher" */;
			productName = Kingfisher;
		};
		4411F1C92C1B02AC00878AFE /* SnapKit */ = {
			isa = XCSwiftPackageProductDependency;
			package = 4411F1C82C1B02AC00878AFE /* XCRemoteSwiftPackageReference "SnapKit" */;
			productName = SnapKit;
		};
/* End XCSwiftPackageProductDependency section */
	};
	rootObject = 4411F19E2C1B003200878AFE /* Project object */;
}
